// !$*UTF8*$!
{
	archiveVersion = 1;
	classes = {
	};
	objectVersion = 48;
	objects = {

/* Begin PBXBuildFile section */
		3F07C2801FAEBD970001D6A0 /* MessageCell.swift in Sources */ = {isa = PBXBuildFile; fileRef = 3F07C27F1FAEBD970001D6A0 /* MessageCell.swift */; };
		3F07C2831FAEBEF50001D6A0 /* MessageViewController.swift in Sources */ = {isa = PBXBuildFile; fileRef = 3F07C2821FAEBEF50001D6A0 /* MessageViewController.swift */; };
		3F07C2851FAED69B0001D6A0 /* bear_pic.png in Resources */ = {isa = PBXBuildFile; fileRef = 3F07C2841FAED69B0001D6A0 /* bear_pic.png */; };
		3F07C2871FAED6B40001D6A0 /* bunny_pic.png in Resources */ = {isa = PBXBuildFile; fileRef = 3F07C2861FAED6B40001D6A0 /* bunny_pic.png */; };
		3F07C2891FAED6D70001D6A0 /* monkey_pic.png in Resources */ = {isa = PBXBuildFile; fileRef = 3F07C2881FAED6D70001D6A0 /* monkey_pic.png */; };
		3F07C28B1FAED6F20001D6A0 /* doggie_pic.png in Resources */ = {isa = PBXBuildFile; fileRef = 3F07C28A1FAED6F20001D6A0 /* doggie_pic.png */; };
		3F07C2901FAEEEFA0001D6A0 /* ChatViewController.swift in Sources */ = {isa = PBXBuildFile; fileRef = 3F07C28F1FAEEEFA0001D6A0 /* ChatViewController.swift */; };
		3F07C2921FAEFEC80001D6A0 /* send_button_icon.png in Resources */ = {isa = PBXBuildFile; fileRef = 3F07C2911FAEFEC70001D6A0 /* send_button_icon.png */; };
		3F0DD5541FB3C2BF003E77E0 /* meModel.swift in Sources */ = {isa = PBXBuildFile; fileRef = 3F0DD5531FB3C2BE003E77E0 /* meModel.swift */; };
		3F0DD5571FB3CB86003E77E0 /* RoomsViewController.swift in Sources */ = {isa = PBXBuildFile; fileRef = 3F0DD5561FB3CB86003E77E0 /* RoomsViewController.swift */; };
		3F0DD5591FB3CC9F003E77E0 /* RoomCell.swift in Sources */ = {isa = PBXBuildFile; fileRef = 3F0DD5581FB3CC9F003E77E0 /* RoomCell.swift */; };
		3F21D70D1FB412C6004B1563 /* button_rec.png in Resources */ = {isa = PBXBuildFile; fileRef = 3F21D70C1FB412C6004B1563 /* button_rec.png */; };
		3F21D70F1FB4266C004B1563 /* RoomsModel.swift in Sources */ = {isa = PBXBuildFile; fileRef = 3F21D70E1FB4266C004B1563 /* RoomsModel.swift */; };
		3F30E01F1FABAEDE001C633F /* PacketGenerator.swift in Sources */ = {isa = PBXBuildFile; fileRef = 3F30E01E1FABAEDE001C633F /* PacketGenerator.swift */; };
		3F5AC7791FAD8A8E00053894 /* home_icon.png in Resources */ = {isa = PBXBuildFile; fileRef = 3F5AC7781FAD8A8E00053894 /* home_icon.png */; };
		3F5AC77B1FAD8A9700053894 /* human_icon.png in Resources */ = {isa = PBXBuildFile; fileRef = 3F5AC77A1FAD8A9700053894 /* human_icon.png */; };
		3F5AC77D1FAD8A9D00053894 /* message_icon.png in Resources */ = {isa = PBXBuildFile; fileRef = 3F5AC77C1FAD8A9C00053894 /* message_icon.png */; };
		3F6694C11FABABCD007B14AA /* ProtocolInformation.swift in Sources */ = {isa = PBXBuildFile; fileRef = 3F6694C01FABABCD007B14AA /* ProtocolInformation.swift */; };
		3F73E4FC1FB2DADE00806968 /* deco_001.png in Resources */ = {isa = PBXBuildFile; fileRef = 3F73E4F71FB2DADE00806968 /* deco_001.png */; };
		3F73E4FD1FB2DADE00806968 /* deco_003.png in Resources */ = {isa = PBXBuildFile; fileRef = 3F73E4F81FB2DADE00806968 /* deco_003.png */; };
		3F73E4FE1FB2DADE00806968 /* deco_005.png in Resources */ = {isa = PBXBuildFile; fileRef = 3F73E4F91FB2DADE00806968 /* deco_005.png */; };
		3F73E4FF1FB2DADE00806968 /* deco_004.png in Resources */ = {isa = PBXBuildFile; fileRef = 3F73E4FA1FB2DADE00806968 /* deco_004.png */; };
		3F73E5001FB2DADE00806968 /* deco_002.png in Resources */ = {isa = PBXBuildFile; fileRef = 3F73E4FB1FB2DADE00806968 /* deco_002.png */; };
		3F73E5021FB2DFBF00806968 /* blue_to_purple_BG in Resources */ = {isa = PBXBuildFile; fileRef = 3F73E5011FB2DFBE00806968 /* blue_to_purple_BG */; };
		3F73E5041FB2E2A100806968 /* human.png in Resources */ = {isa = PBXBuildFile; fileRef = 3F73E5031FB2E2A000806968 /* human.png */; };
		3F73E5061FB2E8CB00806968 /* bg.png in Resources */ = {isa = PBXBuildFile; fileRef = 3F73E5051FB2E8CA00806968 /* bg.png */; };
		3F73E5081FB2E90B00806968 /* eye.png in Resources */ = {isa = PBXBuildFile; fileRef = 3F73E5071FB2E90B00806968 /* eye.png */; };
		3F76E3461FB2E99200D32B5A /* grey_line.png in Resources */ = {isa = PBXBuildFile; fileRef = 3F76E3451FB2E99100D32B5A /* grey_line.png */; };
		3F788EDB1FB44F60002E2089 /* JoinRoomViewController.swift in Sources */ = {isa = PBXBuildFile; fileRef = 3F788EDA1FB44F60002E2089 /* JoinRoomViewController.swift */; };
		3F788EDE1FB455C0002E2089 /* ChatModel.swift in Sources */ = {isa = PBXBuildFile; fileRef = 3F788EDD1FB455C0002E2089 /* ChatModel.swift */; };
		3F93B7541FA19449003C2FE8 /* AppDelegate.swift in Sources */ = {isa = PBXBuildFile; fileRef = 3F93B7531FA19449003C2FE8 /* AppDelegate.swift */; };
		3F93B7591FA19449003C2FE8 /* Main.storyboard in Resources */ = {isa = PBXBuildFile; fileRef = 3F93B7571FA19449003C2FE8 /* Main.storyboard */; };
		3F93B75B1FA19449003C2FE8 /* Assets.xcassets in Resources */ = {isa = PBXBuildFile; fileRef = 3F93B75A1FA19449003C2FE8 /* Assets.xcassets */; };
		3F93B75E1FA19449003C2FE8 /* LaunchScreen.storyboard in Resources */ = {isa = PBXBuildFile; fileRef = 3F93B75C1FA19449003C2FE8 /* LaunchScreen.storyboard */; };
		3F93B7671FA19468003C2FE8 /* SwiftSocket.swift in Sources */ = {isa = PBXBuildFile; fileRef = 3F93B7661FA19468003C2FE8 /* SwiftSocket.swift */; };
		3F93B76C1FA194A5003C2FE8 /* Socket.c in Sources */ = {isa = PBXBuildFile; fileRef = 3F93B76B1FA194A5003C2FE8 /* Socket.c */; };
		3F97151F1FB03BA400754E1C /* launch_pad_pic.png in Resources */ = {isa = PBXBuildFile; fileRef = 3F97151E1FB03BA400754E1C /* launch_pad_pic.png */; };
		3FA9C23E1FB12EF10008D1BC /* Room.swift in Sources */ = {isa = PBXBuildFile; fileRef = 3FA9C23D1FB12EF10008D1BC /* Room.swift */; };
		3FA9C2401FB12FF50008D1BC /* ChatCell.swift in Sources */ = {isa = PBXBuildFile; fileRef = 3FA9C23F1FB12FF50008D1BC /* ChatCell.swift */; };
		3FB40BE41FB2439200BA8242 /* room_icon_001.png in Resources */ = {isa = PBXBuildFile; fileRef = 3FB40BE01FB2439100BA8242 /* room_icon_001.png */; };
		3FB40BE51FB2439200BA8242 /* room_icon_002.png in Resources */ = {isa = PBXBuildFile; fileRef = 3FB40BE11FB2439100BA8242 /* room_icon_002.png */; };
		3FB40BE61FB2439200BA8242 /* room_icon_003.png in Resources */ = {isa = PBXBuildFile; fileRef = 3FB40BE21FB2439200BA8242 /* room_icon_003.png */; };
		3FB40BE71FB2439200BA8242 /* room_icon_004.png in Resources */ = {isa = PBXBuildFile; fileRef = 3FB40BE31FB2439200BA8242 /* room_icon_004.png */; };
		3FC324461FB3C0D700808C05 /* MeViewController.swift in Sources */ = {isa = PBXBuildFile; fileRef = 3FC324451FB3C0D700808C05 /* MeViewController.swift */; };
		3FC776ED1FABDE13002D6F55 /* LogInViewController.swift in Sources */ = {isa = PBXBuildFile; fileRef = 3FC776EC1FABDE13002D6F55 /* LogInViewController.swift */; };
		3FC776F31FAC111A002D6F55 /* button.png in Resources */ = {isa = PBXBuildFile; fileRef = 3FC776F21FAC111A002D6F55 /* button.png */; };
		3FC9A4271FAFC3A300AF7486 /* MessagesContainerAndSender.swift in Sources */ = {isa = PBXBuildFile; fileRef = 3FC9A4261FAFC3A300AF7486 /* MessagesContainerAndSender.swift */; };
		3FE1F1031FAAD467000BED42 /* PacketsCheckerAndSender.swift in Sources */ = {isa = PBXBuildFile; fileRef = 3FE1F1021FAAD467000BED42 /* PacketsCheckerAndSender.swift */; };
		3FE1F1051FAAE105000BED42 /* Packet.swift in Sources */ = {isa = PBXBuildFile; fileRef = 3FE1F1041FAAE105000BED42 /* Packet.swift */; };
		3FE1F1071FAB0193000BED42 /* HandlerBuffer.swift in Sources */ = {isa = PBXBuildFile; fileRef = 3FE1F1061FAB0193000BED42 /* HandlerBuffer.swift */; };
		3FE1F10A1FAB04CB000BED42 /* Message.swift in Sources */ = {isa = PBXBuildFile; fileRef = 3FE1F1091FAB04CB000BED42 /* Message.swift */; };
		3FF9F0AE1FAC32D00067F8D8 /* white_bg.png in Resources */ = {isa = PBXBuildFile; fileRef = 3FF9F0AD1FAC32D00067F8D8 /* white_bg.png */; };
		3FF9F0B01FAC39060067F8D8 /* SignUpViewController.swift in Sources */ = {isa = PBXBuildFile; fileRef = 3FF9F0AF1FAC39060067F8D8 /* SignUpViewController.swift */; };
		3FF9F0B21FAC45130067F8D8 /* LoginAndSignUpModel.swift in Sources */ = {isa = PBXBuildFile; fileRef = 3FF9F0B11FAC45130067F8D8 /* LoginAndSignUpModel.swift */; };
/* End PBXBuildFile section */

/* Begin PBXFileReference section */
		3F07C27F1FAEBD970001D6A0 /* MessageCell.swift */ = {isa = PBXFileReference; lastKnownFileType = sourcecode.swift; path = MessageCell.swift; sourceTree = "<group>"; };
		3F07C2821FAEBEF50001D6A0 /* MessageViewController.swift */ = {isa = PBXFileReference; lastKnownFileType = sourcecode.swift; path = MessageViewController.swift; sourceTree = "<group>"; };
		3F07C2841FAED69B0001D6A0 /* bear_pic.png */ = {isa = PBXFileReference; lastKnownFileType = image.png; path = bear_pic.png; sourceTree = "<group>"; };
		3F07C2861FAED6B40001D6A0 /* bunny_pic.png */ = {isa = PBXFileReference; lastKnownFileType = image.png; path = bunny_pic.png; sourceTree = "<group>"; };
		3F07C2881FAED6D70001D6A0 /* monkey_pic.png */ = {isa = PBXFileReference; lastKnownFileType = image.png; path = monkey_pic.png; sourceTree = "<group>"; };
		3F07C28A1FAED6F20001D6A0 /* doggie_pic.png */ = {isa = PBXFileReference; lastKnownFileType = image.png; path = doggie_pic.png; sourceTree = "<group>"; };
		3F07C28F1FAEEEFA0001D6A0 /* ChatViewController.swift */ = {isa = PBXFileReference; lastKnownFileType = sourcecode.swift; path = ChatViewController.swift; sourceTree = "<group>"; };
		3F07C2911FAEFEC70001D6A0 /* send_button_icon.png */ = {isa = PBXFileReference; lastKnownFileType = image.png; path = send_button_icon.png; sourceTree = "<group>"; };
		3F0DD5531FB3C2BE003E77E0 /* meModel.swift */ = {isa = PBXFileReference; lastKnownFileType = sourcecode.swift; path = meModel.swift; sourceTree = "<group>"; };
		3F0DD5561FB3CB86003E77E0 /* RoomsViewController.swift */ = {isa = PBXFileReference; lastKnownFileType = sourcecode.swift; path = RoomsViewController.swift; sourceTree = "<group>"; };
		3F0DD5581FB3CC9F003E77E0 /* RoomCell.swift */ = {isa = PBXFileReference; lastKnownFileType = sourcecode.swift; path = RoomCell.swift; sourceTree = "<group>"; };
		3F21D70C1FB412C6004B1563 /* button_rec.png */ = {isa = PBXFileReference; lastKnownFileType = image.png; path = button_rec.png; sourceTree = "<group>"; };
		3F21D70E1FB4266C004B1563 /* RoomsModel.swift */ = {isa = PBXFileReference; lastKnownFileType = sourcecode.swift; path = RoomsModel.swift; sourceTree = "<group>"; };
		3F30E01E1FABAEDE001C633F /* PacketGenerator.swift */ = {isa = PBXFileReference; lastKnownFileType = sourcecode.swift; path = PacketGenerator.swift; sourceTree = "<group>"; };
		3F5AC7781FAD8A8E00053894 /* home_icon.png */ = {isa = PBXFileReference; lastKnownFileType = image.png; path = home_icon.png; sourceTree = "<group>"; };
		3F5AC77A1FAD8A9700053894 /* human_icon.png */ = {isa = PBXFileReference; lastKnownFileType = image.png; path = human_icon.png; sourceTree = "<group>"; };
		3F5AC77C1FAD8A9C00053894 /* message_icon.png */ = {isa = PBXFileReference; lastKnownFileType = image.png; path = message_icon.png; sourceTree = "<group>"; };
		3F6694C01FABABCD007B14AA /* ProtocolInformation.swift */ = {isa = PBXFileReference; lastKnownFileType = sourcecode.swift; path = ProtocolInformation.swift; sourceTree = "<group>"; };
		3F73E4F71FB2DADE00806968 /* deco_001.png */ = {isa = PBXFileReference; lastKnownFileType = image.png; path = deco_001.png; sourceTree = "<group>"; };
		3F73E4F81FB2DADE00806968 /* deco_003.png */ = {isa = PBXFileReference; lastKnownFileType = image.png; path = deco_003.png; sourceTree = "<group>"; };
		3F73E4F91FB2DADE00806968 /* deco_005.png */ = {isa = PBXFileReference; lastKnownFileType = image.png; path = deco_005.png; sourceTree = "<group>"; };
		3F73E4FA1FB2DADE00806968 /* deco_004.png */ = {isa = PBXFileReference; lastKnownFileType = image.png; path = deco_004.png; sourceTree = "<group>"; };
		3F73E4FB1FB2DADE00806968 /* deco_002.png */ = {isa = PBXFileReference; lastKnownFileType = image.png; path = deco_002.png; sourceTree = "<group>"; };
		3F73E5011FB2DFBE00806968 /* blue_to_purple_BG */ = {isa = PBXFileReference; lastKnownFileType = file; path = blue_to_purple_BG; sourceTree = "<group>"; };
		3F73E5031FB2E2A000806968 /* human.png */ = {isa = PBXFileReference; lastKnownFileType = image.png; path = human.png; sourceTree = "<group>"; };
		3F73E5051FB2E8CA00806968 /* bg.png */ = {isa = PBXFileReference; lastKnownFileType = image.png; path = bg.png; sourceTree = "<group>"; };
		3F73E5071FB2E90B00806968 /* eye.png */ = {isa = PBXFileReference; lastKnownFileType = image.png; path = eye.png; sourceTree = "<group>"; };
		3F76E3451FB2E99100D32B5A /* grey_line.png */ = {isa = PBXFileReference; lastKnownFileType = image.png; path = grey_line.png; sourceTree = "<group>"; };
		3F788EDA1FB44F60002E2089 /* JoinRoomViewController.swift */ = {isa = PBXFileReference; lastKnownFileType = sourcecode.swift; path = JoinRoomViewController.swift; sourceTree = "<group>"; };
		3F788EDD1FB455C0002E2089 /* ChatModel.swift */ = {isa = PBXFileReference; lastKnownFileType = sourcecode.swift; path = ChatModel.swift; sourceTree = "<group>"; };
		3F93B7501FA19449003C2FE8 /* CS494ChatApp.app */ = {isa = PBXFileReference; explicitFileType = wrapper.application; includeInIndex = 0; path = CS494ChatApp.app; sourceTree = BUILT_PRODUCTS_DIR; };
		3F93B7531FA19449003C2FE8 /* AppDelegate.swift */ = {isa = PBXFileReference; lastKnownFileType = sourcecode.swift; path = AppDelegate.swift; sourceTree = "<group>"; };
		3F93B7581FA19449003C2FE8 /* Base */ = {isa = PBXFileReference; lastKnownFileType = file.storyboard; name = Base; path = Base.lproj/Main.storyboard; sourceTree = "<group>"; };
		3F93B75A1FA19449003C2FE8 /* Assets.xcassets */ = {isa = PBXFileReference; lastKnownFileType = folder.assetcatalog; path = Assets.xcassets; sourceTree = "<group>"; };
		3F93B75D1FA19449003C2FE8 /* Base */ = {isa = PBXFileReference; lastKnownFileType = file.storyboard; name = Base; path = Base.lproj/LaunchScreen.storyboard; sourceTree = "<group>"; };
		3F93B75F1FA19449003C2FE8 /* Info.plist */ = {isa = PBXFileReference; lastKnownFileType = text.plist.xml; path = Info.plist; sourceTree = "<group>"; };
		3F93B7661FA19468003C2FE8 /* SwiftSocket.swift */ = {isa = PBXFileReference; fileEncoding = 4; lastKnownFileType = sourcecode.swift; path = SwiftSocket.swift; sourceTree = "<group>"; };
		3F93B7681FA19471003C2FE8 /* HostInfo.h */ = {isa = PBXFileReference; lastKnownFileType = sourcecode.c.h; path = HostInfo.h; sourceTree = "<group>"; };
		3F93B7691FA19497003C2FE8 /* CS494ChatApp-Bridging-Header.h */ = {isa = PBXFileReference; fileEncoding = 4; lastKnownFileType = sourcecode.c.h; path = "CS494ChatApp-Bridging-Header.h"; sourceTree = "<group>"; };
		3F93B76B1FA194A5003C2FE8 /* Socket.c */ = {isa = PBXFileReference; fileEncoding = 4; lastKnownFileType = sourcecode.c.c; path = Socket.c; sourceTree = "<group>"; };
		3F97151E1FB03BA400754E1C /* launch_pad_pic.png */ = {isa = PBXFileReference; lastKnownFileType = image.png; path = launch_pad_pic.png; sourceTree = "<group>"; };
		3FA9C23D1FB12EF10008D1BC /* Room.swift */ = {isa = PBXFileReference; lastKnownFileType = sourcecode.swift; path = Room.swift; sourceTree = "<group>"; };
		3FA9C23F1FB12FF50008D1BC /* ChatCell.swift */ = {isa = PBXFileReference; lastKnownFileType = sourcecode.swift; path = ChatCell.swift; sourceTree = "<group>"; };
		3FB40BE01FB2439100BA8242 /* room_icon_001.png */ = {isa = PBXFileReference; lastKnownFileType = image.png; path = room_icon_001.png; sourceTree = "<group>"; };
		3FB40BE11FB2439100BA8242 /* room_icon_002.png */ = {isa = PBXFileReference; lastKnownFileType = image.png; path = room_icon_002.png; sourceTree = "<group>"; };
		3FB40BE21FB2439200BA8242 /* room_icon_003.png */ = {isa = PBXFileReference; lastKnownFileType = image.png; path = room_icon_003.png; sourceTree = "<group>"; };
		3FB40BE31FB2439200BA8242 /* room_icon_004.png */ = {isa = PBXFileReference; lastKnownFileType = image.png; path = room_icon_004.png; sourceTree = "<group>"; };
		3FC324451FB3C0D700808C05 /* MeViewController.swift */ = {isa = PBXFileReference; lastKnownFileType = sourcecode.swift; path = MeViewController.swift; sourceTree = "<group>"; };
		3FC776EC1FABDE13002D6F55 /* LogInViewController.swift */ = {isa = PBXFileReference; lastKnownFileType = sourcecode.swift; path = LogInViewController.swift; sourceTree = "<group>"; };
		3FC776F21FAC111A002D6F55 /* button.png */ = {isa = PBXFileReference; lastKnownFileType = image.png; path = button.png; sourceTree = "<group>"; };
		3FC9A4261FAFC3A300AF7486 /* MessagesContainerAndSender.swift */ = {isa = PBXFileReference; lastKnownFileType = sourcecode.swift; path = MessagesContainerAndSender.swift; sourceTree = "<group>"; };
		3FE1F1021FAAD467000BED42 /* PacketsCheckerAndSender.swift */ = {isa = PBXFileReference; lastKnownFileType = sourcecode.swift; path = PacketsCheckerAndSender.swift; sourceTree = "<group>"; };
		3FE1F1041FAAE105000BED42 /* Packet.swift */ = {isa = PBXFileReference; lastKnownFileType = sourcecode.swift; path = Packet.swift; sourceTree = "<group>"; };
		3FE1F1061FAB0193000BED42 /* HandlerBuffer.swift */ = {isa = PBXFileReference; lastKnownFileType = sourcecode.swift; path = HandlerBuffer.swift; sourceTree = "<group>"; };
		3FE1F1091FAB04CB000BED42 /* Message.swift */ = {isa = PBXFileReference; lastKnownFileType = sourcecode.swift; path = Message.swift; sourceTree = "<group>"; };
		3FF9F0AD1FAC32D00067F8D8 /* white_bg.png */ = {isa = PBXFileReference; lastKnownFileType = image.png; path = white_bg.png; sourceTree = "<group>"; };
		3FF9F0AF1FAC39060067F8D8 /* SignUpViewController.swift */ = {isa = PBXFileReference; lastKnownFileType = sourcecode.swift; path = SignUpViewController.swift; sourceTree = "<group>"; };
		3FF9F0B11FAC45130067F8D8 /* LoginAndSignUpModel.swift */ = {isa = PBXFileReference; lastKnownFileType = sourcecode.swift; path = LoginAndSignUpModel.swift; sourceTree = "<group>"; };
/* End PBXFileReference section */

/* Begin PBXFrameworksBuildPhase section */
		3F93B74D1FA19449003C2FE8 /* Frameworks */ = {
			isa = PBXFrameworksBuildPhase;
			buildActionMask = 2147483647;
			files = (
			);
			runOnlyForDeploymentPostprocessing = 0;
		};
/* End PBXFrameworksBuildPhase section */

/* Begin PBXGroup section */
		3F07C2811FAEBEAD0001D6A0 /* MessagePage */ = {
			isa = PBXGroup;
			children = (
				3F07C27F1FAEBD970001D6A0 /* MessageCell.swift */,
				3F07C2821FAEBEF50001D6A0 /* MessageViewController.swift */,
				3FC9A4261FAFC3A300AF7486 /* MessagesContainerAndSender.swift */,
			);
			path = MessagePage;
			sourceTree = "<group>";
		};
		3F07C28E1FAEEEBF0001D6A0 /* ChatsPage */ = {
			isa = PBXGroup;
			children = (
				3F788EDD1FB455C0002E2089 /* ChatModel.swift */,
				3F07C28F1FAEEEFA0001D6A0 /* ChatViewController.swift */,
				3FA9C23F1FB12FF50008D1BC /* ChatCell.swift */,
			);
			path = ChatsPage;
			sourceTree = "<group>";
		};
		3F0DD5551FB3CB3E003E77E0 /* RoomsPage */ = {
			isa = PBXGroup;
			children = (
				3F0DD5561FB3CB86003E77E0 /* RoomsViewController.swift */,
				3F21D70E1FB4266C004B1563 /* RoomsModel.swift */,
				3F0DD5581FB3CC9F003E77E0 /* RoomCell.swift */,
			);
			path = RoomsPage;
			sourceTree = "<group>";
		};
		3F788ED91FB44F2D002E2089 /* JoinRoomPage */ = {
			isa = PBXGroup;
			children = (
				3F788EDA1FB44F60002E2089 /* JoinRoomViewController.swift */,
			);
			path = JoinRoomPage;
			sourceTree = "<group>";
		};
		3F93B7471FA19449003C2FE8 = {
			isa = PBXGroup;
			children = (
				3F93B7521FA19449003C2FE8 /* CS494ChatApp */,
				3F93B7511FA19449003C2FE8 /* Products */,
			);
			sourceTree = "<group>";
		};
		3F93B7511FA19449003C2FE8 /* Products */ = {
			isa = PBXGroup;
			children = (
				3F93B7501FA19449003C2FE8 /* CS494ChatApp.app */,
			);
			name = Products;
			sourceTree = "<group>";
		};
		3F93B7521FA19449003C2FE8 /* CS494ChatApp */ = {
			isa = PBXGroup;
			children = (
				3FE58A4E1FABDC8A00397A5E /* Resourses */,
				3F93B7651FA19459003C2FE8 /* HelpFiles */,
				3F93B76D1FA194C5003C2FE8 /* SwiftSocket */,
				3FD08A971FA6F90A00030A1D /* WebModel */,
				3FE1F1081FAB04BB000BED42 /* Abstract */,
				3F07C2811FAEBEAD0001D6A0 /* MessagePage */,
				3FC776EB1FABDDDA002D6F55 /* Account */,
				3F07C28E1FAEEEBF0001D6A0 /* ChatsPage */,
				3FC324421FB3BE5800808C05 /* MePage */,
				3F0DD5551FB3CB3E003E77E0 /* RoomsPage */,
				3F788ED91FB44F2D002E2089 /* JoinRoomPage */,
				3F93B75F1FA19449003C2FE8 /* Info.plist */,
				3F93B7571FA19449003C2FE8 /* Main.storyboard */,
				3F93B7691FA19497003C2FE8 /* CS494ChatApp-Bridging-Header.h */,
			);
			path = CS494ChatApp;
			sourceTree = "<group>";
		};
		3F93B7651FA19459003C2FE8 /* HelpFiles */ = {
			isa = PBXGroup;
			children = (
				3F93B7531FA19449003C2FE8 /* AppDelegate.swift */,
				3F93B75A1FA19449003C2FE8 /* Assets.xcassets */,
				3F93B75C1FA19449003C2FE8 /* LaunchScreen.storyboard */,
			);
			path = HelpFiles;
			sourceTree = "<group>";
		};
		3F93B76D1FA194C5003C2FE8 /* SwiftSocket */ = {
			isa = PBXGroup;
			children = (
				3F93B7681FA19471003C2FE8 /* HostInfo.h */,
				3F93B76B1FA194A5003C2FE8 /* Socket.c */,
				3F93B7661FA19468003C2FE8 /* SwiftSocket.swift */,
				3F6694C01FABABCD007B14AA /* ProtocolInformation.swift */,
			);
			path = SwiftSocket;
			sourceTree = "<group>";
		};
		3F97151D1FB03B9700754E1C /* launchPad */ = {
			isa = PBXGroup;
			children = (
				3F97151E1FB03BA400754E1C /* launch_pad_pic.png */,
			);
			path = launchPad;
			sourceTree = "<group>";
		};
		3FC324421FB3BE5800808C05 /* MePage */ = {
			isa = PBXGroup;
			children = (
				3FC324451FB3C0D700808C05 /* MeViewController.swift */,
				3F0DD5531FB3C2BE003E77E0 /* meModel.swift */,
			);
			path = MePage;
			sourceTree = "<group>";
		};
		3FC776EB1FABDDDA002D6F55 /* Account */ = {
			isa = PBXGroup;
			children = (
				3FF9F0B11FAC45130067F8D8 /* LoginAndSignUpModel.swift */,
				3FC776EC1FABDE13002D6F55 /* LogInViewController.swift */,
				3FF9F0AF1FAC39060067F8D8 /* SignUpViewController.swift */,
			);
			path = Account;
			sourceTree = "<group>";
		};
		3FCC60041FAD048800C5C564 /* mePage */ = {
			isa = PBXGroup;
			children = (
				3F5AC77A1FAD8A9700053894 /* human_icon.png */,
				3FB40BE01FB2439100BA8242 /* room_icon_001.png */,
				3FB40BE11FB2439100BA8242 /* room_icon_002.png */,
				3FB40BE21FB2439200BA8242 /* room_icon_003.png */,
				3FB40BE31FB2439200BA8242 /* room_icon_004.png */,
			);
			path = mePage;
			sourceTree = "<group>";
		};
		3FCC60051FAD049A00C5C564 /* messagePacge */ = {
			isa = PBXGroup;
			children = (
				3F07C2841FAED69B0001D6A0 /* bear_pic.png */,
				3F5AC77C1FAD8A9C00053894 /* message_icon.png */,
				3F07C2861FAED6B40001D6A0 /* bunny_pic.png */,
				3F07C2881FAED6D70001D6A0 /* monkey_pic.png */,
				3F07C28A1FAED6F20001D6A0 /* doggie_pic.png */,
				3F07C2911FAEFEC70001D6A0 /* send_button_icon.png */,
			);
			path = messagePacge;
			sourceTree = "<group>";
		};
		3FCC60061FAD04AA00C5C564 /* roomPage */ = {
			isa = PBXGroup;
			children = (
				3F5AC7781FAD8A8E00053894 /* home_icon.png */,
				3F21D70C1FB412C6004B1563 /* button_rec.png */,
			);
			path = roomPage;
			sourceTree = "<group>";
		};
		3FD08A971FA6F90A00030A1D /* WebModel */ = {
			isa = PBXGroup;
			children = (
				3FE1F1061FAB0193000BED42 /* HandlerBuffer.swift */,
				3FE1F1041FAAE105000BED42 /* Packet.swift */,
				3F30E01E1FABAEDE001C633F /* PacketGenerator.swift */,
				3FE1F1021FAAD467000BED42 /* PacketsCheckerAndSender.swift */,
			);
			path = WebModel;
			sourceTree = "<group>";
		};
		3FE1F1081FAB04BB000BED42 /* Abstract */ = {
			isa = PBXGroup;
			children = (
				3FE1F1091FAB04CB000BED42 /* Message.swift */,
				3FA9C23D1FB12EF10008D1BC /* Room.swift */,
			);
			path = Abstract;
			sourceTree = "<group>";
		};
		3FE58A4E1FABDC8A00397A5E /* Resourses */ = {
			isa = PBXGroup;
			children = (
				3F97151D1FB03B9700754E1C /* launchPad */,
				3FCC60061FAD04AA00C5C564 /* roomPage */,
				3FCC60051FAD049A00C5C564 /* messagePacge */,
				3FCC60041FAD048800C5C564 /* mePage */,
				3FE58A571FABDCEE00397A5E /* logInPage */,
			);
			path = Resourses;
			sourceTree = "<group>";
		};
		3FE58A571FABDCEE00397A5E /* logInPage */ = {
			isa = PBXGroup;
			children = (
				3F73E5031FB2E2A000806968 /* human.png */,
				3F76E3451FB2E99100D32B5A /* grey_line.png */,
				3F73E5011FB2DFBE00806968 /* blue_to_purple_BG */,
				3F73E4F71FB2DADE00806968 /* deco_001.png */,
				3F73E4FB1FB2DADE00806968 /* deco_002.png */,
				3F73E5071FB2E90B00806968 /* eye.png */,
				3F73E4F81FB2DADE00806968 /* deco_003.png */,
				3F73E4FA1FB2DADE00806968 /* deco_004.png */,
				3F73E4F91FB2DADE00806968 /* deco_005.png */,
				3FC776F21FAC111A002D6F55 /* button.png */,
				3FF9F0AD1FAC32D00067F8D8 /* white_bg.png */,
				3F73E5051FB2E8CA00806968 /* bg.png */,
			);
			path = logInPage;
			sourceTree = "<group>";
		};
/* End PBXGroup section */

/* Begin PBXNativeTarget section */
		3F93B74F1FA19449003C2FE8 /* CS494ChatApp */ = {
			isa = PBXNativeTarget;
			buildConfigurationList = 3F93B7621FA19449003C2FE8 /* Build configuration list for PBXNativeTarget "CS494ChatApp" */;
			buildPhases = (
				3F93B74C1FA19449003C2FE8 /* Sources */,
				3F93B74D1FA19449003C2FE8 /* Frameworks */,
				3F93B74E1FA19449003C2FE8 /* Resources */,
			);
			buildRules = (
			);
			dependencies = (
			);
			name = CS494ChatApp;
			productName = CS494ChatApp;
			productReference = 3F93B7501FA19449003C2FE8 /* CS494ChatApp.app */;
			productType = "com.apple.product-type.application";
		};
/* End PBXNativeTarget section */

/* Begin PBXProject section */
		3F93B7481FA19449003C2FE8 /* Project object */ = {
			isa = PBXProject;
			attributes = {
				LastSwiftUpdateCheck = 0900;
				LastUpgradeCheck = 0900;
				ORGANIZATIONNAME = "zeyong shan";
				TargetAttributes = {
					3F93B74F1FA19449003C2FE8 = {
						CreatedOnToolsVersion = 9.0.1;
						LastSwiftMigration = 0900;
						ProvisioningStyle = Automatic;
					};
				};
			};
			buildConfigurationList = 3F93B74B1FA19449003C2FE8 /* Build configuration list for PBXProject "CS494ChatApp" */;
			compatibilityVersion = "Xcode 8.0";
			developmentRegion = en;
			hasScannedForEncodings = 0;
			knownRegions = (
				en,
				Base,
			);
			mainGroup = 3F93B7471FA19449003C2FE8;
			productRefGroup = 3F93B7511FA19449003C2FE8 /* Products */;
			projectDirPath = "";
			projectRoot = "";
			targets = (
				3F93B74F1FA19449003C2FE8 /* CS494ChatApp */,
			);
		};
/* End PBXProject section */

/* Begin PBXResourcesBuildPhase section */
		3F93B74E1FA19449003C2FE8 /* Resources */ = {
			isa = PBXResourcesBuildPhase;
			buildActionMask = 2147483647;
			files = (
				3FF9F0AE1FAC32D00067F8D8 /* white_bg.png in Resources */,
				3F73E5041FB2E2A100806968 /* human.png in Resources */,
				3FC776F31FAC111A002D6F55 /* button.png in Resources */,
				3F73E5021FB2DFBF00806968 /* blue_to_purple_BG in Resources */,
				3F97151F1FB03BA400754E1C /* launch_pad_pic.png in Resources */,
				3F21D70D1FB412C6004B1563 /* button_rec.png in Resources */,
				3F07C2871FAED6B40001D6A0 /* bunny_pic.png in Resources */,
				3F07C2921FAEFEC80001D6A0 /* send_button_icon.png in Resources */,
				3F5AC77D1FAD8A9D00053894 /* message_icon.png in Resources */,
				3FB40BE41FB2439200BA8242 /* room_icon_001.png in Resources */,
				3F93B75E1FA19449003C2FE8 /* LaunchScreen.storyboard in Resources */,
				3F76E3461FB2E99200D32B5A /* grey_line.png in Resources */,
				3F5AC77B1FAD8A9700053894 /* human_icon.png in Resources */,
				3F07C2891FAED6D70001D6A0 /* monkey_pic.png in Resources */,
				3FB40BE61FB2439200BA8242 /* room_icon_003.png in Resources */,
				3F73E4FD1FB2DADE00806968 /* deco_003.png in Resources */,
				3F93B75B1FA19449003C2FE8 /* Assets.xcassets in Resources */,
				3F5AC7791FAD8A8E00053894 /* home_icon.png in Resources */,
				3F73E4FC1FB2DADE00806968 /* deco_001.png in Resources */,
				3F07C2851FAED69B0001D6A0 /* bear_pic.png in Resources */,
				3F73E5061FB2E8CB00806968 /* bg.png in Resources */,
				3F07C28B1FAED6F20001D6A0 /* doggie_pic.png in Resources */,
				3FB40BE51FB2439200BA8242 /* room_icon_002.png in Resources */,
				3F73E5001FB2DADE00806968 /* deco_002.png in Resources */,
				3F73E4FF1FB2DADE00806968 /* deco_004.png in Resources */,
				3FB40BE71FB2439200BA8242 /* room_icon_004.png in Resources */,
				3F73E5081FB2E90B00806968 /* eye.png in Resources */,
				3F73E4FE1FB2DADE00806968 /* deco_005.png in Resources */,
				3F93B7591FA19449003C2FE8 /* Main.storyboard in Resources */,
			);
			runOnlyForDeploymentPostprocessing = 0;
		};
/* End PBXResourcesBuildPhase section */

/* Begin PBXSourcesBuildPhase section */
		3F93B74C1FA19449003C2FE8 /* Sources */ = {
			isa = PBXSourcesBuildPhase;
			buildActionMask = 2147483647;
			files = (
				3FF9F0B01FAC39060067F8D8 /* SignUpViewController.swift in Sources */,
				3FE1F1031FAAD467000BED42 /* PacketsCheckerAndSender.swift in Sources */,
				3FC324461FB3C0D700808C05 /* MeViewController.swift in Sources */,
				3F0DD5541FB3C2BF003E77E0 /* meModel.swift in Sources */,
				3F6694C11FABABCD007B14AA /* ProtocolInformation.swift in Sources */,
				3FF9F0B21FAC45130067F8D8 /* LoginAndSignUpModel.swift in Sources */,
				3F0DD5591FB3CC9F003E77E0 /* RoomCell.swift in Sources */,
				3F07C2801FAEBD970001D6A0 /* MessageCell.swift in Sources */,
				3FE1F1071FAB0193000BED42 /* HandlerBuffer.swift in Sources */,
				3FA9C23E1FB12EF10008D1BC /* Room.swift in Sources */,
				3F07C2831FAEBEF50001D6A0 /* MessageViewController.swift in Sources */,
				3F788EDB1FB44F60002E2089 /* JoinRoomViewController.swift in Sources */,
				3F0DD5571FB3CB86003E77E0 /* RoomsViewController.swift in Sources */,
				3F21D70F1FB4266C004B1563 /* RoomsModel.swift in Sources */,
				3F30E01F1FABAEDE001C633F /* PacketGenerator.swift in Sources */,
				3F788EDE1FB455C0002E2089 /* ChatModel.swift in Sources */,
				3F93B7541FA19449003C2FE8 /* AppDelegate.swift in Sources */,
				3FE1F1051FAAE105000BED42 /* Packet.swift in Sources */,
				3FA9C2401FB12FF50008D1BC /* ChatCell.swift in Sources */,
				3FE1F10A1FAB04CB000BED42 /* Message.swift in Sources */,
				3F93B76C1FA194A5003C2FE8 /* Socket.c in Sources */,
				3FC776ED1FABDE13002D6F55 /* LogInViewController.swift in Sources */,
				3FC9A4271FAFC3A300AF7486 /* MessagesContainerAndSender.swift in Sources */,
				3F07C2901FAEEEFA0001D6A0 /* ChatViewController.swift in Sources */,
				3F93B7671FA19468003C2FE8 /* SwiftSocket.swift in Sources */,
			);
			runOnlyForDeploymentPostprocessing = 0;
		};
/* End PBXSourcesBuildPhase section */

/* Begin PBXVariantGroup section */
		3F93B7571FA19449003C2FE8 /* Main.storyboard */ = {
			isa = PBXVariantGroup;
			children = (
				3F93B7581FA19449003C2FE8 /* Base */,
			);
			name = Main.storyboard;
			sourceTree = "<group>";
		};
		3F93B75C1FA19449003C2FE8 /* LaunchScreen.storyboard */ = {
			isa = PBXVariantGroup;
			children = (
				3F93B75D1FA19449003C2FE8 /* Base */,
			);
			name = LaunchScreen.storyboard;
			sourceTree = "<group>";
		};
/* End PBXVariantGroup section */

/* Begin XCBuildConfiguration section */
		3F93B7601FA19449003C2FE8 /* Debug */ = {
			isa = XCBuildConfiguration;
			buildSettings = {
				ALWAYS_SEARCH_USER_PATHS = NO;
				CLANG_ANALYZER_NONNULL = YES;
				CLANG_ANALYZER_NUMBER_OBJECT_CONVERSION = YES_AGGRESSIVE;
				CLANG_CXX_LANGUAGE_STANDARD = "gnu++14";
				CLANG_CXX_LIBRARY = "libc++";
				CLANG_ENABLE_MODULES = YES;
				CLANG_ENABLE_OBJC_ARC = YES;
				CLANG_WARN_BLOCK_CAPTURE_AUTORELEASING = YES;
				CLANG_WARN_BOOL_CONVERSION = YES;
				CLANG_WARN_COMMA = YES;
				CLANG_WARN_CONSTANT_CONVERSION = YES;
				CLANG_WARN_DIRECT_OBJC_ISA_USAGE = YES_ERROR;
				CLANG_WARN_DOCUMENTATION_COMMENTS = YES;
				CLANG_WARN_EMPTY_BODY = YES;
				CLANG_WARN_ENUM_CONVERSION = YES;
				CLANG_WARN_INFINITE_RECURSION = YES;
				CLANG_WARN_INT_CONVERSION = YES;
				CLANG_WARN_NON_LITERAL_NULL_CONVERSION = YES;
				CLANG_WARN_OBJC_LITERAL_CONVERSION = YES;
				CLANG_WARN_OBJC_ROOT_CLASS = YES_ERROR;
				CLANG_WARN_RANGE_LOOP_ANALYSIS = YES;
				CLANG_WARN_STRICT_PROTOTYPES = YES;
				CLANG_WARN_SUSPICIOUS_MOVE = YES;
				CLANG_WARN_UNGUARDED_AVAILABILITY = YES_AGGRESSIVE;
				CLANG_WARN_UNREACHABLE_CODE = YES;
				CLANG_WARN__DUPLICATE_METHOD_MATCH = YES;
				CODE_SIGN_IDENTITY = "iPhone Developer";
				COPY_PHASE_STRIP = NO;
				DEBUG_INFORMATION_FORMAT = dwarf;
				ENABLE_STRICT_OBJC_MSGSEND = YES;
				ENABLE_TESTABILITY = YES;
				GCC_C_LANGUAGE_STANDARD = gnu11;
				GCC_DYNAMIC_NO_PIC = NO;
				GCC_NO_COMMON_BLOCKS = YES;
				GCC_OPTIMIZATION_LEVEL = 0;
				GCC_PREPROCESSOR_DEFINITIONS = (
					"DEBUG=1",
					"$(inherited)",
				);
				GCC_WARN_64_TO_32_BIT_CONVERSION = YES;
				GCC_WARN_ABOUT_RETURN_TYPE = YES_ERROR;
				GCC_WARN_UNDECLARED_SELECTOR = YES;
				GCC_WARN_UNINITIALIZED_AUTOS = YES_AGGRESSIVE;
				GCC_WARN_UNUSED_FUNCTION = YES;
				GCC_WARN_UNUSED_VARIABLE = YES;
				IPHONEOS_DEPLOYMENT_TARGET = 11.0;
				MTL_ENABLE_DEBUG_INFO = YES;
				ONLY_ACTIVE_ARCH = YES;
				SDKROOT = iphoneos;
				SWIFT_ACTIVE_COMPILATION_CONDITIONS = DEBUG;
				SWIFT_OPTIMIZATION_LEVEL = "-Onone";
			};
			name = Debug;
		};
		3F93B7611FA19449003C2FE8 /* Release */ = {
			isa = XCBuildConfiguration;
			buildSettings = {
				ALWAYS_SEARCH_USER_PATHS = NO;
				CLANG_ANALYZER_NONNULL = YES;
				CLANG_ANALYZER_NUMBER_OBJECT_CONVERSION = YES_AGGRESSIVE;
				CLANG_CXX_LANGUAGE_STANDARD = "gnu++14";
				CLANG_CXX_LIBRARY = "libc++";
				CLANG_ENABLE_MODULES = YES;
				CLANG_ENABLE_OBJC_ARC = YES;
				CLANG_WARN_BLOCK_CAPTURE_AUTORELEASING = YES;
				CLANG_WARN_BOOL_CONVERSION = YES;
				CLANG_WARN_COMMA = YES;
				CLANG_WARN_CONSTANT_CONVERSION = YES;
				CLANG_WARN_DIRECT_OBJC_ISA_USAGE = YES_ERROR;
				CLANG_WARN_DOCUMENTATION_COMMENTS = YES;
				CLANG_WARN_EMPTY_BODY = YES;
				CLANG_WARN_ENUM_CONVERSION = YES;
				CLANG_WARN_INFINITE_RECURSION = YES;
				CLANG_WARN_INT_CONVERSION = YES;
				CLANG_WARN_NON_LITERAL_NULL_CONVERSION = YES;
				CLANG_WARN_OBJC_LITERAL_CONVERSION = YES;
				CLANG_WARN_OBJC_ROOT_CLASS = YES_ERROR;
				CLANG_WARN_RANGE_LOOP_ANALYSIS = YES;
				CLANG_WARN_STRICT_PROTOTYPES = YES;
				CLANG_WARN_SUSPICIOUS_MOVE = YES;
				CLANG_WARN_UNGUARDED_AVAILABILITY = YES_AGGRESSIVE;
				CLANG_WARN_UNREACHABLE_CODE = YES;
				CLANG_WARN__DUPLICATE_METHOD_MATCH = YES;
				CODE_SIGN_IDENTITY = "iPhone Developer";
				COPY_PHASE_STRIP = NO;
				DEBUG_INFORMATION_FORMAT = "dwarf-with-dsym";
				ENABLE_NS_ASSERTIONS = NO;
				ENABLE_STRICT_OBJC_MSGSEND = YES;
				GCC_C_LANGUAGE_STANDARD = gnu11;
				GCC_NO_COMMON_BLOCKS = YES;
				GCC_WARN_64_TO_32_BIT_CONVERSION = YES;
				GCC_WARN_ABOUT_RETURN_TYPE = YES_ERROR;
				GCC_WARN_UNDECLARED_SELECTOR = YES;
				GCC_WARN_UNINITIALIZED_AUTOS = YES_AGGRESSIVE;
				GCC_WARN_UNUSED_FUNCTION = YES;
				GCC_WARN_UNUSED_VARIABLE = YES;
				IPHONEOS_DEPLOYMENT_TARGET = 11.0;
				MTL_ENABLE_DEBUG_INFO = NO;
				SDKROOT = iphoneos;
				SWIFT_OPTIMIZATION_LEVEL = "-Owholemodule";
				VALIDATE_PRODUCT = YES;
			};
			name = Release;
		};
		3F93B7631FA19449003C2FE8 /* Debug */ = {
			isa = XCBuildConfiguration;
			buildSettings = {
				ASSETCATALOG_COMPILER_APPICON_NAME = AppIcon;
				CLANG_ENABLE_MODULES = YES;
				CODE_SIGN_STYLE = Automatic;
				DEVELOPMENT_TEAM = H3ZELCLQP9;
				INFOPLIST_FILE = CS494ChatApp/Info.plist;
				IPHONEOS_DEPLOYMENT_TARGET = 10.0;
				LD_RUNPATH_SEARCH_PATHS = "$(inherited) @executable_path/Frameworks";
				PRODUCT_BUNDLE_IDENTIFIER = NAsoftware.CS494ChatApp;
				PRODUCT_NAME = "$(TARGET_NAME)";
				SWIFT_OBJC_BRIDGING_HEADER = "CS494ChatApp/CS494ChatApp-Bridging-Header.h";
				SWIFT_OPTIMIZATION_LEVEL = "-Onone";
				SWIFT_VERSION = 4.0;
				TARGETED_DEVICE_FAMILY = 1;
			};
			name = Debug;
		};
		3F93B7641FA19449003C2FE8 /* Release */ = {
			isa = XCBuildConfiguration;
			buildSettings = {
				ASSETCATALOG_COMPILER_APPICON_NAME = AppIcon;
				CLANG_ENABLE_MODULES = YES;
				CODE_SIGN_STYLE = Automatic;
				DEVELOPMENT_TEAM = H3ZELCLQP9;
				INFOPLIST_FILE = CS494ChatApp/Info.plist;
				IPHONEOS_DEPLOYMENT_TARGET = 10.0;
				LD_RUNPATH_SEARCH_PATHS = "$(inherited) @executable_path/Frameworks";
				PRODUCT_BUNDLE_IDENTIFIER = NAsoftware.CS494ChatApp;
				PRODUCT_NAME = "$(TARGET_NAME)";
				SWIFT_OBJC_BRIDGING_HEADER = "CS494ChatApp/CS494ChatApp-Bridging-Header.h";
				SWIFT_VERSION = 4.0;
				TARGETED_DEVICE_FAMILY = 1;
			};
			name = Release;
		};
/* End XCBuildConfiguration section */

/* Begin XCConfigurationList section */
		3F93B74B1FA19449003C2FE8 /* Build configuration list for PBXProject "CS494ChatApp" */ = {
			isa = XCConfigurationList;
			buildConfigurations = (
				3F93B7601FA19449003C2FE8 /* Debug */,
				3F93B7611FA19449003C2FE8 /* Release */,
			);
			defaultConfigurationIsVisible = 0;
			defaultConfigurationName = Release;
		};
		3F93B7621FA19449003C2FE8 /* Build configuration list for PBXNativeTarget "CS494ChatApp" */ = {
			isa = XCConfigurationList;
			buildConfigurations = (
				3F93B7631FA19449003C2FE8 /* Debug */,
				3F93B7641FA19449003C2FE8 /* Release */,
			);
			defaultConfigurationIsVisible = 0;
			defaultConfigurationName = Release;
		};
/* End XCConfigurationList section */
	};
	rootObject = 3F93B7481FA19449003C2FE8 /* Project object */;
}
