// !$*UTF8*$!
{
	archiveVersion = 1;
	classes = {
	};
	objectVersion = 48;
	objects = {

/* Begin PBXBuildFile section */
		3F93B7541FA19449003C2FE8 /* AppDelegate.swift in Sources */ = {isa = PBXBuildFile; fileRef = 3F93B7531FA19449003C2FE8 /* AppDelegate.swift */; };
		3F93B7561FA19449003C2FE8 /* ViewController.swift in Sources */ = {isa = PBXBuildFile; fileRef = 3F93B7551FA19449003C2FE8 /* ViewController.swift */; };
		3F93B7591FA19449003C2FE8 /* Main.storyboard in Resources */ = {isa = PBXBuildFile; fileRef = 3F93B7571FA19449003C2FE8 /* Main.storyboard */; };
		3F93B75B1FA19449003C2FE8 /* Assets.xcassets in Resources */ = {isa = PBXBuildFile; fileRef = 3F93B75A1FA19449003C2FE8 /* Assets.xcassets */; };
		3F93B75E1FA19449003C2FE8 /* LaunchScreen.storyboard in Resources */ = {isa = PBXBuildFile; fileRef = 3F93B75C1FA19449003C2FE8 /* LaunchScreen.storyboard */; };
		3F93B7671FA19468003C2FE8 /* SwiftSocket.swift in Sources */ = {isa = PBXBuildFile; fileRef = 3F93B7661FA19468003C2FE8 /* SwiftSocket.swift */; };
		3F93B76C1FA194A5003C2FE8 /* Socket.c in Sources */ = {isa = PBXBuildFile; fileRef = 3F93B76B1FA194A5003C2FE8 /* Socket.c */; };
/* End PBXBuildFile section */

/* Begin PBXFileReference section */
		3F93B7501FA19449003C2FE8 /* CS494ChatApp.app */ = {isa = PBXFileReference; explicitFileType = wrapper.application; includeInIndex = 0; path = CS494ChatApp.app; sourceTree = BUILT_PRODUCTS_DIR; };
		3F93B7531FA19449003C2FE8 /* AppDelegate.swift */ = {isa = PBXFileReference; lastKnownFileType = sourcecode.swift; path = AppDelegate.swift; sourceTree = "<group>"; };
		3F93B7551FA19449003C2FE8 /* ViewController.swift */ = {isa = PBXFileReference; lastKnownFileType = sourcecode.swift; path = ViewController.swift; sourceTree = "<group>"; };
		3F93B7581FA19449003C2FE8 /* Base */ = {isa = PBXFileReference; lastKnownFileType = file.storyboard; name = Base; path = Base.lproj/Main.storyboard; sourceTree = "<group>"; };
		3F93B75A1FA19449003C2FE8 /* Assets.xcassets */ = {isa = PBXFileReference; lastKnownFileType = folder.assetcatalog; path = Assets.xcassets; sourceTree = "<group>"; };
		3F93B75D1FA19449003C2FE8 /* Base */ = {isa = PBXFileReference; lastKnownFileType = file.storyboard; name = Base; path = Base.lproj/LaunchScreen.storyboard; sourceTree = "<group>"; };
		3F93B75F1FA19449003C2FE8 /* Info.plist */ = {isa = PBXFileReference; lastKnownFileType = text.plist.xml; path = Info.plist; sourceTree = "<group>"; };
		3F93B7661FA19468003C2FE8 /* SwiftSocket.swift */ = {isa = PBXFileReference; fileEncoding = 4; lastKnownFileType = sourcecode.swift; path = SwiftSocket.swift; sourceTree = "<group>"; };
		3F93B7681FA19471003C2FE8 /* HostInfo.h */ = {isa = PBXFileReference; lastKnownFileType = sourcecode.c.h; path = HostInfo.h; sourceTree = "<group>"; };
		3F93B7691FA19497003C2FE8 /* CS494ChatApp-Bridging-Header.h */ = {isa = PBXFileReference; fileEncoding = 4; lastKnownFileType = sourcecode.c.h; path = "CS494ChatApp-Bridging-Header.h"; sourceTree = "<group>"; };
		3F93B76B1FA194A5003C2FE8 /* Socket.c */ = {isa = PBXFileReference; fileEncoding = 4; lastKnownFileType = sourcecode.c.c; path = Socket.c; sourceTree = "<group>"; };
/* End PBXFileReference section */

/* Begin PBXFrameworksBuildPhase section */
		3F93B74D1FA19449003C2FE8 /* Frameworks */ = {
			isa = PBXFrameworksBuildPhase;
			buildActionMask = 2147483647;
			files = (
			);
			runOnlyForDeploymentPostprocessing = 0;
		};
/* End PBXFrameworksBuildPhase section */

/* Begin PBXGroup section */
		3F93B7471FA19449003C2FE8 = {
			isa = PBXGroup;
			children = (
				3F93B7521FA19449003C2FE8 /* CS494ChatApp */,
				3F93B7511FA19449003C2FE8 /* Products */,
			);
			sourceTree = "<group>";
		};
		3F93B7511FA19449003C2FE8 /* Products */ = {
			isa = PBXGroup;
			children = (
				3F93B7501FA19449003C2FE8 /* CS494ChatApp.app */,
			);
			name = Products;
			sourceTree = "<group>";
		};
		3F93B7521FA19449003C2FE8 /* CS494ChatApp */ = {
			isa = PBXGroup;
			children = (
				3F93B7651FA19459003C2FE8 /* HelpFiles */,
				3F93B76E1FA19509003C2FE8 /* TestViewController */,
				3F93B76D1FA194C5003C2FE8 /* SwiftSocket */,
				3F93B75F1FA19449003C2FE8 /* Info.plist */,
				3F93B7691FA19497003C2FE8 /* CS494ChatApp-Bridging-Header.h */,
			);
			path = CS494ChatApp;
			sourceTree = "<group>";
		};
		3F93B7651FA19459003C2FE8 /* HelpFiles */ = {
			isa = PBXGroup;
			children = (
				3F93B7531FA19449003C2FE8 /* AppDelegate.swift */,
				3F93B75A1FA19449003C2FE8 /* Assets.xcassets */,
				3F93B75C1FA19449003C2FE8 /* LaunchScreen.storyboard */,
			);
			path = HelpFiles;
			sourceTree = "<group>";
		};
		3F93B76D1FA194C5003C2FE8 /* SwiftSocket */ = {
			isa = PBXGroup;
			children = (
				3F93B7681FA19471003C2FE8 /* HostInfo.h */,
				3F93B76B1FA194A5003C2FE8 /* Socket.c */,
				3F93B7661FA19468003C2FE8 /* SwiftSocket.swift */,
			);
			path = SwiftSocket;
			sourceTree = "<group>";
		};
		3F93B76E1FA19509003C2FE8 /* TestViewController */ = {
			isa = PBXGroup;
			children = (
				3F93B7551FA19449003C2FE8 /* ViewController.swift */,
				3F93B7571FA19449003C2FE8 /* Main.storyboard */,
			);
			path = TestViewController;
			sourceTree = "<group>";
		};
/* End PBXGroup section */

/* Begin PBXNativeTarget section */
		3F93B74F1FA19449003C2FE8 /* CS494ChatApp */ = {
			isa = PBXNativeTarget;
			buildConfigurationList = 3F93B7621FA19449003C2FE8 /* Build configuration list for PBXNativeTarget "CS494ChatApp" */;
			buildPhases = (
				3F93B74C1FA19449003C2FE8 /* Sources */,
				3F93B74D1FA19449003C2FE8 /* Frameworks */,
				3F93B74E1FA19449003C2FE8 /* Resources */,
			);
			buildRules = (
			);
			dependencies = (
			);
			name = CS494ChatApp;
			productName = CS494ChatApp;
			productReference = 3F93B7501FA19449003C2FE8 /* CS494ChatApp.app */;
			productType = "com.apple.product-type.application";
		};
/* End PBXNativeTarget section */

/* Begin PBXProject section */
		3F93B7481FA19449003C2FE8 /* Project object */ = {
			isa = PBXProject;
			attributes = {
				LastSwiftUpdateCheck = 0900;
				LastUpgradeCheck = 0900;
				ORGANIZATIONNAME = "zeyong shan";
				TargetAttributes = {
					3F93B74F1FA19449003C2FE8 = {
						CreatedOnToolsVersion = 9.0.1;
						LastSwiftMigration = 0900;
						ProvisioningStyle = Automatic;
					};
				};
			};
			buildConfigurationList = 3F93B74B1FA19449003C2FE8 /* Build configuration list for PBXProject "CS494ChatApp" */;
			compatibilityVersion = "Xcode 8.0";
			developmentRegion = en;
			hasScannedForEncodings = 0;
			knownRegions = (
				en,
				Base,
			);
			mainGroup = 3F93B7471FA19449003C2FE8;
			productRefGroup = 3F93B7511FA19449003C2FE8 /* Products */;
			projectDirPath = "";
			projectRoot = "";
			targets = (
				3F93B74F1FA19449003C2FE8 /* CS494ChatApp */,
			);
		};
/* End PBXProject section */

/* Begin PBXResourcesBuildPhase section */
		3F93B74E1FA19449003C2FE8 /* Resources */ = {
			isa = PBXResourcesBuildPhase;
			buildActionMask = 2147483647;
			files = (
				3F93B75E1FA19449003C2FE8 /* LaunchScreen.storyboard in Resources */,
				3F93B75B1FA19449003C2FE8 /* Assets.xcassets in Resources */,
				3F93B7591FA19449003C2FE8 /* Main.storyboard in Resources */,
			);
			runOnlyForDeploymentPostprocessing = 0;
		};
/* End PBXResourcesBuildPhase section */

/* Begin PBXSourcesBuildPhase section */
		3F93B74C1FA19449003C2FE8 /* Sources */ = {
			isa = PBXSourcesBuildPhase;
			buildActionMask = 2147483647;
			files = (
				3F93B7561FA19449003C2FE8 /* ViewController.swift in Sources */,
				3F93B7541FA19449003C2FE8 /* AppDelegate.swift in Sources */,
				3F93B76C1FA194A5003C2FE8 /* Socket.c in Sources */,
				3F93B7671FA19468003C2FE8 /* SwiftSocket.swift in Sources */,
			);
			runOnlyForDeploymentPostprocessing = 0;
		};
/* End PBXSourcesBuildPhase section */

/* Begin PBXVariantGroup section */
		3F93B7571FA19449003C2FE8 /* Main.storyboard */ = {
			isa = PBXVariantGroup;
			children = (
				3F93B7581FA19449003C2FE8 /* Base */,
			);
			name = Main.storyboard;
			sourceTree = "<group>";
		};
		3F93B75C1FA19449003C2FE8 /* LaunchScreen.storyboard */ = {
			isa = PBXVariantGroup;
			children = (
				3F93B75D1FA19449003C2FE8 /* Base */,
			);
			name = LaunchScreen.storyboard;
			sourceTree = "<group>";
		};
/* End PBXVariantGroup section */

/* Begin XCBuildConfiguration section */
		3F93B7601FA19449003C2FE8 /* Debug */ = {
			isa = XCBuildConfiguration;
			buildSettings = {
				ALWAYS_SEARCH_USER_PATHS = NO;
				CLANG_ANALYZER_NONNULL = YES;
				CLANG_ANALYZER_NUMBER_OBJECT_CONVERSION = YES_AGGRESSIVE;
				CLANG_CXX_LANGUAGE_STANDARD = "gnu++14";
				CLANG_CXX_LIBRARY = "libc++";
				CLANG_ENABLE_MODULES = YES;
				CLANG_ENABLE_OBJC_ARC = YES;
				CLANG_WARN_BLOCK_CAPTURE_AUTORELEASING = YES;
				CLANG_WARN_BOOL_CONVERSION = YES;
				CLANG_WARN_COMMA = YES;
				CLANG_WARN_CONSTANT_CONVERSION = YES;
				CLANG_WARN_DIRECT_OBJC_ISA_USAGE = YES_ERROR;
				CLANG_WARN_DOCUMENTATION_COMMENTS = YES;
				CLANG_WARN_EMPTY_BODY = YES;
				CLANG_WARN_ENUM_CONVERSION = YES;
				CLANG_WARN_INFINITE_RECURSION = YES;
				CLANG_WARN_INT_CONVERSION = YES;
				CLANG_WARN_NON_LITERAL_NULL_CONVERSION = YES;
				CLANG_WARN_OBJC_LITERAL_CONVERSION = YES;
				CLANG_WARN_OBJC_ROOT_CLASS = YES_ERROR;
				CLANG_WARN_RANGE_LOOP_ANALYSIS = YES;
				CLANG_WARN_STRICT_PROTOTYPES = YES;
				CLANG_WARN_SUSPICIOUS_MOVE = YES;
				CLANG_WARN_UNGUARDED_AVAILABILITY = YES_AGGRESSIVE;
				CLANG_WARN_UNREACHABLE_CODE = YES;
				CLANG_WARN__DUPLICATE_METHOD_MATCH = YES;
				CODE_SIGN_IDENTITY = "iPhone Developer";
				COPY_PHASE_STRIP = NO;
				DEBUG_INFORMATION_FORMAT = dwarf;
				ENABLE_STRICT_OBJC_MSGSEND = YES;
				ENABLE_TESTABILITY = YES;
				GCC_C_LANGUAGE_STANDARD = gnu11;
				GCC_DYNAMIC_NO_PIC = NO;
				GCC_NO_COMMON_BLOCKS = YES;
				GCC_OPTIMIZATION_LEVEL = 0;
				GCC_PREPROCESSOR_DEFINITIONS = (
					"DEBUG=1",
					"$(inherited)",
				);
				GCC_WARN_64_TO_32_BIT_CONVERSION = YES;
				GCC_WARN_ABOUT_RETURN_TYPE = YES_ERROR;
				GCC_WARN_UNDECLARED_SELECTOR = YES;
				GCC_WARN_UNINITIALIZED_AUTOS = YES_AGGRESSIVE;
				GCC_WARN_UNUSED_FUNCTION = YES;
				GCC_WARN_UNUSED_VARIABLE = YES;
				IPHONEOS_DEPLOYMENT_TARGET = 11.0;
				MTL_ENABLE_DEBUG_INFO = YES;
				ONLY_ACTIVE_ARCH = YES;
				SDKROOT = iphoneos;
				SWIFT_ACTIVE_COMPILATION_CONDITIONS = DEBUG;
				SWIFT_OPTIMIZATION_LEVEL = "-Onone";
			};
			name = Debug;
		};
		3F93B7611FA19449003C2FE8 /* Release */ = {
			isa = XCBuildConfiguration;
			buildSettings = {
				ALWAYS_SEARCH_USER_PATHS = NO;
				CLANG_ANALYZER_NONNULL = YES;
				CLANG_ANALYZER_NUMBER_OBJECT_CONVERSION = YES_AGGRESSIVE;
				CLANG_CXX_LANGUAGE_STANDARD = "gnu++14";
				CLANG_CXX_LIBRARY = "libc++";
				CLANG_ENABLE_MODULES = YES;
				CLANG_ENABLE_OBJC_ARC = YES;
				CLANG_WARN_BLOCK_CAPTURE_AUTORELEASING = YES;
				CLANG_WARN_BOOL_CONVERSION = YES;
				CLANG_WARN_COMMA = YES;
				CLANG_WARN_CONSTANT_CONVERSION = YES;
				CLANG_WARN_DIRECT_OBJC_ISA_USAGE = YES_ERROR;
				CLANG_WARN_DOCUMENTATION_COMMENTS = YES;
				CLANG_WARN_EMPTY_BODY = YES;
				CLANG_WARN_ENUM_CONVERSION = YES;
				CLANG_WARN_INFINITE_RECURSION = YES;
				CLANG_WARN_INT_CONVERSION = YES;
				CLANG_WARN_NON_LITERAL_NULL_CONVERSION = YES;
				CLANG_WARN_OBJC_LITERAL_CONVERSION = YES;
				CLANG_WARN_OBJC_ROOT_CLASS = YES_ERROR;
				CLANG_WARN_RANGE_LOOP_ANALYSIS = YES;
				CLANG_WARN_STRICT_PROTOTYPES = YES;
				CLANG_WARN_SUSPICIOUS_MOVE = YES;
				CLANG_WARN_UNGUARDED_AVAILABILITY = YES_AGGRESSIVE;
				CLANG_WARN_UNREACHABLE_CODE = YES;
				CLANG_WARN__DUPLICATE_METHOD_MATCH = YES;
				CODE_SIGN_IDENTITY = "iPhone Developer";
				COPY_PHASE_STRIP = NO;
				DEBUG_INFORMATION_FORMAT = "dwarf-with-dsym";
				ENABLE_NS_ASSERTIONS = NO;
				ENABLE_STRICT_OBJC_MSGSEND = YES;
				GCC_C_LANGUAGE_STANDARD = gnu11;
				GCC_NO_COMMON_BLOCKS = YES;
				GCC_WARN_64_TO_32_BIT_CONVERSION = YES;
				GCC_WARN_ABOUT_RETURN_TYPE = YES_ERROR;
				GCC_WARN_UNDECLARED_SELECTOR = YES;
				GCC_WARN_UNINITIALIZED_AUTOS = YES_AGGRESSIVE;
				GCC_WARN_UNUSED_FUNCTION = YES;
				GCC_WARN_UNUSED_VARIABLE = YES;
				IPHONEOS_DEPLOYMENT_TARGET = 11.0;
				MTL_ENABLE_DEBUG_INFO = NO;
				SDKROOT = iphoneos;
				SWIFT_OPTIMIZATION_LEVEL = "-Owholemodule";
				VALIDATE_PRODUCT = YES;
			};
			name = Release;
		};
		3F93B7631FA19449003C2FE8 /* Debug */ = {
			isa = XCBuildConfiguration;
			buildSettings = {
				ASSETCATALOG_COMPILER_APPICON_NAME = AppIcon;
				CLANG_ENABLE_MODULES = YES;
				CODE_SIGN_STYLE = Automatic;
				DEVELOPMENT_TEAM = H3ZELCLQP9;
				INFOPLIST_FILE = CS494ChatApp/Info.plist;
				LD_RUNPATH_SEARCH_PATHS = "$(inherited) @executable_path/Frameworks";
				PRODUCT_BUNDLE_IDENTIFIER = NAsoftware.CS494ChatApp;
				PRODUCT_NAME = "$(TARGET_NAME)";
				SWIFT_OBJC_BRIDGING_HEADER = "CS494ChatApp/CS494ChatApp-Bridging-Header.h";
				SWIFT_OPTIMIZATION_LEVEL = "-Onone";
				SWIFT_VERSION = 4.0;
				TARGETED_DEVICE_FAMILY = "1,2";
			};
			name = Debug;
		};
		3F93B7641FA19449003C2FE8 /* Release */ = {
			isa = XCBuildConfiguration;
			buildSettings = {
				ASSETCATALOG_COMPILER_APPICON_NAME = AppIcon;
				CLANG_ENABLE_MODULES = YES;
				CODE_SIGN_STYLE = Automatic;
				DEVELOPMENT_TEAM = H3ZELCLQP9;
				INFOPLIST_FILE = CS494ChatApp/Info.plist;
				LD_RUNPATH_SEARCH_PATHS = "$(inherited) @executable_path/Frameworks";
				PRODUCT_BUNDLE_IDENTIFIER = NAsoftware.CS494ChatApp;
				PRODUCT_NAME = "$(TARGET_NAME)";
				SWIFT_OBJC_BRIDGING_HEADER = "CS494ChatApp/CS494ChatApp-Bridging-Header.h";
				SWIFT_VERSION = 4.0;
				TARGETED_DEVICE_FAMILY = "1,2";
			};
			name = Release;
		};
/* End XCBuildConfiguration section */

/* Begin XCConfigurationList section */
		3F93B74B1FA19449003C2FE8 /* Build configuration list for PBXProject "CS494ChatApp" */ = {
			isa = XCConfigurationList;
			buildConfigurations = (
				3F93B7601FA19449003C2FE8 /* Debug */,
				3F93B7611FA19449003C2FE8 /* Release */,
			);
			defaultConfigurationIsVisible = 0;
			defaultConfigurationName = Release;
		};
		3F93B7621FA19449003C2FE8 /* Build configuration list for PBXNativeTarget "CS494ChatApp" */ = {
			isa = XCConfigurationList;
			buildConfigurations = (
				3F93B7631FA19449003C2FE8 /* Debug */,
				3F93B7641FA19449003C2FE8 /* Release */,
			);
			defaultConfigurationIsVisible = 0;
			defaultConfigurationName = Release;
		};
/* End XCConfigurationList section */
	};
	rootObject = 3F93B7481FA19449003C2FE8 /* Project object */;
}
